
Microsoft Visual Studio Solution File, Format Version 12.00
# Visual Studio Version 17
VisualStudioVersion = 17.8.34316.72
MinimumVisualStudioVersion = 10.0.40219.1
Project("{9A19103F-16F7-4668-BE54-9A1E7A4F7556}") = "ReferenceTypes", "ReferenceTypes\ReferenceTypes.csproj", "{DB588CEA-ED59-4737-B958-EEC1DF7C57B6}"
EndProject
Project("{FAE04EC0-301F-11D3-BF4B-00C04F79EFBC}") = "Constructors", "Constructors\Constructors.csproj", "{622433CE-655F-43D9-9FA3-E7D36709BADD}"
EndProject
Global
	GlobalSection(SolutionConfigurationPlatforms) = preSolution
		Debug|Any CPU = Debug|Any CPU
		Release|Any CPU = Release|Any CPU
	EndGlobalSection
	GlobalSection(ProjectConfigurationPlatforms) = postSolution
		{DB588CEA-ED59-4737-B958-EEC1DF7C57B6}.Debug|Any CPU.ActiveCfg = Debug|Any CPU
		{DB588CEA-ED59-4737-B958-EEC1DF7C57B6}.Debug|Any CPU.Build.0 = Debug|Any CPU
		{DB588CEA-ED59-4737-B958-EEC1DF7C57B6}.Release|Any CPU.ActiveCfg = Release|Any CPU
		{DB588CEA-ED59-4737-B958-EEC1DF7C57B6}.Release|Any CPU.Build.0 = Release|Any CPU
		{622433CE-655F-43D9-9FA3-E7D36709BADD}.Debug|Any CPU.ActiveCfg = Debug|Any CPU
		{622433CE-655F-43D9-9FA3-E7D36709BADD}.Debug|Any CPU.Build.0 = Debug|Any CPU
		{622433CE-655F-43D9-9FA3-E7D36709BADD}.Release|Any CPU.ActiveCfg = Release|Any CPU
		{622433CE-655F-43D9-9FA3-E7D36709BADD}.Release|Any CPU.Build.0 = Release|Any CPU
	EndGlobalSection
	GlobalSection(SolutionProperties) = preSolution
		HideSolutionNode = FALSE
	EndGlobalSection
	GlobalSection(ExtensibilityGlobals) = postSolution
		SolutionGuid = {1539FAF2-6DE6-4C4A-8EC3-4D731C194D7D}
	EndGlobalSection
EndGlobal
